// !$*UTF8*$!
{
	archiveVersion = 1;
	classes = {
	};
	objectVersion = 46;
	objects = {

/* Begin PBXBuildFile section */
		7435D58B1E2C7B8200B0D656 /* AppDelegate.swift in Sources */ = {isa = PBXBuildFile; fileRef = 7435D58A1E2C7B8200B0D656 /* AppDelegate.swift */; };
		7435D58D1E2C7B8200B0D656 /* ViewController.swift in Sources */ = {isa = PBXBuildFile; fileRef = 7435D58C1E2C7B8200B0D656 /* ViewController.swift */; };
		7435D5901E2C7B8200B0D656 /* Main.storyboard in Resources */ = {isa = PBXBuildFile; fileRef = 7435D58E1E2C7B8200B0D656 /* Main.storyboard */; };
		7435D5921E2C7B8200B0D656 /* Assets.xcassets in Resources */ = {isa = PBXBuildFile; fileRef = 7435D5911E2C7B8200B0D656 /* Assets.xcassets */; };
		7435D5951E2C7B8200B0D656 /* LaunchScreen.storyboard in Resources */ = {isa = PBXBuildFile; fileRef = 7435D5931E2C7B8200B0D656 /* LaunchScreen.storyboard */; };
		7435D5A01E2C7B8200B0D656 /* swift_03Tests.swift in Sources */ = {isa = PBXBuildFile; fileRef = 7435D59F1E2C7B8200B0D656 /* swift_03Tests.swift */; };
		7435D5AB1E2C7B8200B0D656 /* swift_03UITests.swift in Sources */ = {isa = PBXBuildFile; fileRef = 7435D5AA1E2C7B8200B0D656 /* swift_03UITests.swift */; };
/* End PBXBuildFile section */

/* Begin PBXContainerItemProxy section */
		7435D59C1E2C7B8200B0D656 /* PBXContainerItemProxy */ = {
			isa = PBXContainerItemProxy;
			containerPortal = 7435D57F1E2C7B8200B0D656 /* Project object */;
			proxyType = 1;
			remoteGlobalIDString = 7435D5861E2C7B8200B0D656;
			remoteInfo = "swift-03";
		};
		7435D5A71E2C7B8200B0D656 /* PBXContainerItemProxy */ = {
			isa = PBXContainerItemProxy;
			containerPortal = 7435D57F1E2C7B8200B0D656 /* Project object */;
			proxyType = 1;
			remoteGlobalIDString = 7435D5861E2C7B8200B0D656;
			remoteInfo = "swift-03";
		};
/* End PBXContainerItemProxy section */

/* Begin PBXFileReference section */
		7435D5871E2C7B8200B0D656 /* swift-03.app */ = {isa = PBXFileReference; explicitFileType = wrapper.application; includeInIndex = 0; path = "swift-03.app"; sourceTree = BUILT_PRODUCTS_DIR; };
		7435D58A1E2C7B8200B0D656 /* AppDelegate.swift */ = {isa = PBXFileReference; lastKnownFileType = sourcecode.swift; path = AppDelegate.swift; sourceTree = "<group>"; };
		7435D58C1E2C7B8200B0D656 /* ViewController.swift */ = {isa = PBXFileReference; lastKnownFileType = sourcecode.swift; path = ViewController.swift; sourceTree = "<group>"; };
		7435D58F1E2C7B8200B0D656 /* Base */ = {isa = PBXFileReference; lastKnownFileType = file.storyboard; name = Base; path = Base.lproj/Main.storyboard; sourceTree = "<group>"; };
		7435D5911E2C7B8200B0D656 /* Assets.xcassets */ = {isa = PBXFileReference; lastKnownFileType = folder.assetcatalog; path = Assets.xcassets; sourceTree = "<group>"; };
		7435D5941E2C7B8200B0D656 /* Base */ = {isa = PBXFileReference; lastKnownFileType = file.storyboard; name = Base; path = Base.lproj/LaunchScreen.storyboard; sourceTree = "<group>"; };
		7435D5961E2C7B8200B0D656 /* Info.plist */ = {isa = PBXFileReference; lastKnownFileType = text.plist.xml; path = Info.plist; sourceTree = "<group>"; };
		7435D59B1E2C7B8200B0D656 /* swift-03Tests.xctest */ = {isa = PBXFileReference; explicitFileType = wrapper.cfbundle; includeInIndex = 0; path = "swift-03Tests.xctest"; sourceTree = BUILT_PRODUCTS_DIR; };
		7435D59F1E2C7B8200B0D656 /* swift_03Tests.swift */ = {isa = PBXFileReference; lastKnownFileType = sourcecode.swift; path = swift_03Tests.swift; sourceTree = "<group>"; };
		7435D5A11E2C7B8200B0D656 /* Info.plist */ = {isa = PBXFileReference; lastKnownFileType = text.plist.xml; path = Info.plist; sourceTree = "<group>"; };
		7435D5A61E2C7B8200B0D656 /* swift-03UITests.xctest */ = {isa = PBXFileReference; explicitFileType = wrapper.cfbundle; includeInIndex = 0; path = "swift-03UITests.xctest"; sourceTree = BUILT_PRODUCTS_DIR; };
		7435D5AA1E2C7B8200B0D656 /* swift_03UITests.swift */ = {isa = PBXFileReference; lastKnownFileType = sourcecode.swift; path = swift_03UITests.swift; sourceTree = "<group>"; };
		7435D5AC1E2C7B8200B0D656 /* Info.plist */ = {isa = PBXFileReference; lastKnownFileType = text.plist.xml; path = Info.plist; sourceTree = "<group>"; };
/* End PBXFileReference section */

/* Begin PBXFrameworksBuildPhase section */
		7435D5841E2C7B8200B0D656 /* Frameworks */ = {
			isa = PBXFrameworksBuildPhase;
			buildActionMask = 2147483647;
			files = (
			);
			runOnlyForDeploymentPostprocessing = 0;
		};
		7435D5981E2C7B8200B0D656 /* Frameworks */ = {
			isa = PBXFrameworksBuildPhase;
			buildActionMask = 2147483647;
			files = (
			);
			runOnlyForDeploymentPostprocessing = 0;
		};
		7435D5A31E2C7B8200B0D656 /* Frameworks */ = {
			isa = PBXFrameworksBuildPhase;
			buildActionMask = 2147483647;
			files = (
			);
			runOnlyForDeploymentPostprocessing = 0;
		};
/* End PBXFrameworksBuildPhase section */

/* Begin PBXGroup section */
		7435D57E1E2C7B8200B0D656 = {
			isa = PBXGroup;
			children = (
				7435D5891E2C7B8200B0D656 /* swift-03 */,
				7435D59E1E2C7B8200B0D656 /* swift-03Tests */,
				7435D5A91E2C7B8200B0D656 /* swift-03UITests */,
				7435D5881E2C7B8200B0D656 /* Products */,
			);
			sourceTree = "<group>";
		};
		7435D5881E2C7B8200B0D656 /* Products */ = {
			isa = PBXGroup;
			children = (
				7435D5871E2C7B8200B0D656 /* swift-03.app */,
				7435D59B1E2C7B8200B0D656 /* swift-03Tests.xctest */,
				7435D5A61E2C7B8200B0D656 /* swift-03UITests.xctest */,
			);
			name = Products;
			sourceTree = "<group>";
		};
		7435D5891E2C7B8200B0D656 /* swift-03 */ = {
			isa = PBXGroup;
			children = (
				7435D58A1E2C7B8200B0D656 /* AppDelegate.swift */,
				7435D58C1E2C7B8200B0D656 /* ViewController.swift */,
				7435D58E1E2C7B8200B0D656 /* Main.storyboard */,
				7435D5911E2C7B8200B0D656 /* Assets.xcassets */,
				7435D5931E2C7B8200B0D656 /* LaunchScreen.storyboard */,
				7435D5961E2C7B8200B0D656 /* Info.plist */,
			);
			path = "swift-03";
			sourceTree = "<group>";
		};
		7435D59E1E2C7B8200B0D656 /* swift-03Tests */ = {
			isa = PBXGroup;
			children = (
				7435D59F1E2C7B8200B0D656 /* swift_03Tests.swift */,
				7435D5A11E2C7B8200B0D656 /* Info.plist */,
			);
			path = "swift-03Tests";
			sourceTree = "<group>";
		};
		7435D5A91E2C7B8200B0D656 /* swift-03UITests */ = {
			isa = PBXGroup;
			children = (
				7435D5AA1E2C7B8200B0D656 /* swift_03UITests.swift */,
				7435D5AC1E2C7B8200B0D656 /* Info.plist */,
			);
			path = "swift-03UITests";
			sourceTree = "<group>";
		};
/* End PBXGroup section */

/* Begin PBXNativeTarget section */
		7435D5861E2C7B8200B0D656 /* swift-03 */ = {
			isa = PBXNativeTarget;
			buildConfigurationList = 7435D5AF1E2C7B8200B0D656 /* Build configuration list for PBXNativeTarget "swift-03" */;
			buildPhases = (
				7435D5831E2C7B8200B0D656 /* Sources */,
				7435D5841E2C7B8200B0D656 /* Frameworks */,
				7435D5851E2C7B8200B0D656 /* Resources */,
			);
			buildRules = (
			);
			dependencies = (
			);
			name = "swift-03";
			productName = "swift-03";
			productReference = 7435D5871E2C7B8200B0D656 /* swift-03.app */;
			productType = "com.apple.product-type.application";
		};
		7435D59A1E2C7B8200B0D656 /* swift-03Tests */ = {
			isa = PBXNativeTarget;
			buildConfigurationList = 7435D5B21E2C7B8200B0D656 /* Build configuration list for PBXNativeTarget "swift-03Tests" */;
			buildPhases = (
				7435D5971E2C7B8200B0D656 /* Sources */,
				7435D5981E2C7B8200B0D656 /* Frameworks */,
				7435D5991E2C7B8200B0D656 /* Resources */,
			);
			buildRules = (
			);
			dependencies = (
				7435D59D1E2C7B8200B0D656 /* PBXTargetDependency */,
			);
			name = "swift-03Tests";
			productName = "swift-03Tests";
			productReference = 7435D59B1E2C7B8200B0D656 /* swift-03Tests.xctest */;
			productType = "com.apple.product-type.bundle.unit-test";
		};
		7435D5A51E2C7B8200B0D656 /* swift-03UITests */ = {
			isa = PBXNativeTarget;
			buildConfigurationList = 7435D5B51E2C7B8200B0D656 /* Build configuration list for PBXNativeTarget "swift-03UITests" */;
			buildPhases = (
				7435D5A21E2C7B8200B0D656 /* Sources */,
				7435D5A31E2C7B8200B0D656 /* Frameworks */,
				7435D5A41E2C7B8200B0D656 /* Resources */,
			);
			buildRules = (
			);
			dependencies = (
				7435D5A81E2C7B8200B0D656 /* PBXTargetDependency */,
			);
			name = "swift-03UITests";
			productName = "swift-03UITests";
			productReference = 7435D5A61E2C7B8200B0D656 /* swift-03UITests.xctest */;
			productType = "com.apple.product-type.bundle.ui-testing";
		};
/* End PBXNativeTarget section */

/* Begin PBXProject section */
		7435D57F1E2C7B8200B0D656 /* Project object */ = {
			isa = PBXProject;
			attributes = {
				LastSwiftUpdateCheck = 0820;
				LastUpgradeCheck = 0820;
				ORGANIZATIONNAME = Aircos;
				TargetAttributes = {
					7435D5861E2C7B8200B0D656 = {
						CreatedOnToolsVersion = 8.2.1;
						ProvisioningStyle = Automatic;
					};
					7435D59A1E2C7B8200B0D656 = {
						CreatedOnToolsVersion = 8.2.1;
						ProvisioningStyle = Automatic;
						TestTargetID = 7435D5861E2C7B8200B0D656;
					};
					7435D5A51E2C7B8200B0D656 = {
						CreatedOnToolsVersion = 8.2.1;
						ProvisioningStyle = Automatic;
						TestTargetID = 7435D5861E2C7B8200B0D656;
					};
				};
			};
			buildConfigurationList = 7435D5821E2C7B8200B0D656 /* Build configuration list for PBXProject "swift-03" */;
			compatibilityVersion = "Xcode 3.2";
			developmentRegion = English;
			hasScannedForEncodings = 0;
			knownRegions = (
				en,
				Base,
			);
			mainGroup = 7435D57E1E2C7B8200B0D656;
			productRefGroup = 7435D5881E2C7B8200B0D656 /* Products */;
			projectDirPath = "";
			projectRoot = "";
			targets = (
				7435D5861E2C7B8200B0D656 /* swift-03 */,
				7435D59A1E2C7B8200B0D656 /* swift-03Tests */,
				7435D5A51E2C7B8200B0D656 /* swift-03UITests */,
			);
		};
/* End PBXProject section */

/* Begin PBXResourcesBuildPhase section */
		7435D5851E2C7B8200B0D656 /* Resources */ = {
			isa = PBXResourcesBuildPhase;
			buildActionMask = 2147483647;
			files = (
				7435D5951E2C7B8200B0D656 /* LaunchScreen.storyboard in Resources */,
				7435D5921E2C7B8200B0D656 /* Assets.xcassets in Resources */,
				7435D5901E2C7B8200B0D656 /* Main.storyboard in Resources */,
			);
			runOnlyForDeploymentPostprocessing = 0;
		};
		7435D5991E2C7B8200B0D656 /* Resources */ = {
			isa = PBXResourcesBuildPhase;
			buildActionMask = 2147483647;
			files = (
			);
			runOnlyForDeploymentPostprocessing = 0;
		};
		7435D5A41E2C7B8200B0D656 /* Resources */ = {
			isa = PBXResourcesBuildPhase;
			buildActionMask = 2147483647;
			files = (
			);
			runOnlyForDeploymentPostprocessing = 0;
		};
/* End PBXResourcesBuildPhase section */

/* Begin PBXSourcesBuildPhase section */
		7435D5831E2C7B8200B0D656 /* Sources */ = {
			isa = PBXSourcesBuildPhase;
			buildActionMask = 2147483647;
			files = (
				7435D58D1E2C7B8200B0D656 /* ViewController.swift in Sources */,
				7435D58B1E2C7B8200B0D656 /* AppDelegate.swift in Sources */,
			);
			runOnlyForDeploymentPostprocessing = 0;
		};
		7435D5971E2C7B8200B0D656 /* Sources */ = {
			isa = PBXSourcesBuildPhase;
			buildActionMask = 2147483647;
			files = (
				7435D5A01E2C7B8200B0D656 /* swift_03Tests.swift in Sources */,
			);
			runOnlyForDeploymentPostprocessing = 0;
		};
		7435D5A21E2C7B8200B0D656 /* Sources */ = {
			isa = PBXSourcesBuildPhase;
			buildActionMask = 2147483647;
			files = (
				7435D5AB1E2C7B8200B0D656 /* swift_03UITests.swift in Sources */,
			);
			runOnlyForDeploymentPostprocessing = 0;
		};
/* End PBXSourcesBuildPhase section */

/* Begin PBXTargetDependency section */
		7435D59D1E2C7B8200B0D656 /* PBXTargetDependency */ = {
			isa = PBXTargetDependency;
			target = 7435D5861E2C7B8200B0D656 /* swift-03 */;
			targetProxy = 7435D59C1E2C7B8200B0D656 /* PBXContainerItemProxy */;
		};
		7435D5A81E2C7B8200B0D656 /* PBXTargetDependency */ = {
			isa = PBXTargetDependency;
			target = 7435D5861E2C7B8200B0D656 /* swift-03 */;
			targetProxy = 7435D5A71E2C7B8200B0D656 /* PBXContainerItemProxy */;
		};
/* End PBXTargetDependency section */

/* Begin PBXVariantGroup section */
		7435D58E1E2C7B8200B0D656 /* Main.storyboard */ = {
			isa = PBXVariantGroup;
			children = (
				7435D58F1E2C7B8200B0D656 /* Base */,
			);
			name = Main.storyboard;
			sourceTree = "<group>";
		};
		7435D5931E2C7B8200B0D656 /* LaunchScreen.storyboard */ = {
			isa = PBXVariantGroup;
			children = (
				7435D5941E2C7B8200B0D656 /* Base */,
			);
			name = LaunchScreen.storyboard;
			sourceTree = "<group>";
		};
/* End PBXVariantGroup section */

/* Begin XCBuildConfiguration section */
		7435D5AD1E2C7B8200B0D656 /* Debug */ = {
			isa = XCBuildConfiguration;
			buildSettings = {
				ALWAYS_SEARCH_USER_PATHS = NO;
				CLANG_ANALYZER_NONNULL = YES;
				CLANG_CXX_LANGUAGE_STANDARD = "gnu++0x";
				CLANG_CXX_LIBRARY = "libc++";
				CLANG_ENABLE_MODULES = YES;
				CLANG_ENABLE_OBJC_ARC = YES;
				CLANG_WARN_BOOL_CONVERSION = YES;
				CLANG_WARN_CONSTANT_CONVERSION = YES;
				CLANG_WARN_DIRECT_OBJC_ISA_USAGE = YES_ERROR;
				CLANG_WARN_DOCUMENTATION_COMMENTS = YES;
				CLANG_WARN_EMPTY_BODY = YES;
				CLANG_WARN_ENUM_CONVERSION = YES;
				CLANG_WARN_INFINITE_RECURSION = YES;
				CLANG_WARN_INT_CONVERSION = YES;
				CLANG_WARN_OBJC_ROOT_CLASS = YES_ERROR;
				CLANG_WARN_SUSPICIOUS_MOVE = YES;
				CLANG_WARN_UNREACHABLE_CODE = YES;
				CLANG_WARN__DUPLICATE_METHOD_MATCH = YES;
				"CODE_SIGN_IDENTITY[sdk=iphoneos*]" = "iPhone Developer";
				COPY_PHASE_STRIP = NO;
				DEBUG_INFORMATION_FORMAT = dwarf;
				ENABLE_STRICT_OBJC_MSGSEND = YES;
				ENABLE_TESTABILITY = YES;
				GCC_C_LANGUAGE_STANDARD = gnu99;
				GCC_DYNAMIC_NO_PIC = NO;
				GCC_NO_COMMON_BLOCKS = YES;
				GCC_OPTIMIZATION_LEVEL = 0;
				GCC_PREPROCESSOR_DEFINITIONS = (
					"DEBUG=1",
					"$(inherited)",
				);
				GCC_WARN_64_TO_32_BIT_CONVERSION = YES;
				GCC_WARN_ABOUT_RETURN_TYPE = YES_ERROR;
				GCC_WARN_UNDECLARED_SELECTOR = YES;
				GCC_WARN_UNINITIALIZED_AUTOS = YES_AGGRESSIVE;
				GCC_WARN_UNUSED_FUNCTION = YES;
				GCC_WARN_UNUSED_VARIABLE = YES;
				IPHONEOS_DEPLOYMENT_TARGET = 10.2;
				MTL_ENABLE_DEBUG_INFO = YES;
				ONLY_ACTIVE_ARCH = YES;
				SDKROOT = iphoneos;
				SWIFT_ACTIVE_COMPILATION_CONDITIONS = DEBUG;
				SWIFT_OPTIMIZATION_LEVEL = "-Onone";
			};
			name = Debug;
		};
		7435D5AE1E2C7B8200B0D656 /* Release */ = {
			isa = XCBuildConfiguration;
			buildSettings = {
				ALWAYS_SEARCH_USER_PATHS = NO;
				CLANG_ANALYZER_NONNULL = YES;
				CLANG_CXX_LANGUAGE_STANDARD = "gnu++0x";
				CLANG_CXX_LIBRARY = "libc++";
				CLANG_ENABLE_MODULES = YES;
				CLANG_ENABLE_OBJC_ARC = YES;
				CLANG_WARN_BOOL_CONVERSION = YES;
				CLANG_WARN_CONSTANT_CONVERSION = YES;
				CLANG_WARN_DIRECT_OBJC_ISA_USAGE = YES_ERROR;
				CLANG_WARN_DOCUMENTATION_COMMENTS = YES;
				CLANG_WARN_EMPTY_BODY = YES;
				CLANG_WARN_ENUM_CONVERSION = YES;
				CLANG_WARN_INFINITE_RECURSION = YES;
				CLANG_WARN_INT_CONVERSION = YES;
				CLANG_WARN_OBJC_ROOT_CLASS = YES_ERROR;
				CLANG_WARN_SUSPICIOUS_MOVE = YES;
				CLANG_WARN_UNREACHABLE_CODE = YES;
				CLANG_WARN__DUPLICATE_METHOD_MATCH = YES;
				"CODE_SIGN_IDENTITY[sdk=iphoneos*]" = "iPhone Developer";
				COPY_PHASE_STRIP = NO;
				DEBUG_INFORMATION_FORMAT = "dwarf-with-dsym";
				ENABLE_NS_ASSERTIONS = NO;
				ENABLE_STRICT_OBJC_MSGSEND = YES;
				GCC_C_LANGUAGE_STANDARD = gnu99;
				GCC_NO_COMMON_BLOCKS = YES;
				GCC_WARN_64_TO_32_BIT_CONVERSION = YES;
				GCC_WARN_ABOUT_RETURN_TYPE = YES_ERROR;
				GCC_WARN_UNDECLARED_SELECTOR = YES;
				GCC_WARN_UNINITIALIZED_AUTOS = YES_AGGRESSIVE;
				GCC_WARN_UNUSED_FUNCTION = YES;
				GCC_WARN_UNUSED_VARIABLE = YES;
				IPHONEOS_DEPLOYMENT_TARGET = 10.2;
				MTL_ENABLE_DEBUG_INFO = NO;
				SDKROOT = iphoneos;
				SWIFT_OPTIMIZATION_LEVEL = "-Owholemodule";
				VALIDATE_PRODUCT = YES;
			};
			name = Release;
		};
		7435D5B01E2C7B8200B0D656 /* Debug */ = {
			isa = XCBuildConfiguration;
			buildSettings = {
				ASSETCATALOG_COMPILER_APPICON_NAME = AppIcon;
				INFOPLIST_FILE = "swift-03/Info.plist";
				LD_RUNPATH_SEARCH_PATHS = "$(inherited) @executable_path/Frameworks";
				PRODUCT_BUNDLE_IDENTIFIER = "com.Aircos.swift-03";
				PRODUCT_NAME = "$(TARGET_NAME)";
				SWIFT_VERSION = 3.0;
			};
			name = Debug;
		};
		7435D5B11E2C7B8200B0D656 /* Release */ = {
			isa = XCBuildConfiguration;
			buildSettings = {
				ASSETCATALOG_COMPILER_APPICON_NAME = AppIcon;
				INFOPLIST_FILE = "swift-03/Info.plist";
				LD_RUNPATH_SEARCH_PATHS = "$(inherited) @executable_path/Frameworks";
				PRODUCT_BUNDLE_IDENTIFIER = "com.Aircos.swift-03";
				PRODUCT_NAME = "$(TARGET_NAME)";
				SWIFT_VERSION = 3.0;
			};
			name = Release;
		};
		7435D5B31E2C7B8200B0D656 /* Debug */ = {
			isa = XCBuildConfiguration;
			buildSettings = {
				ALWAYS_EMBED_SWIFT_STANDARD_LIBRARIES = YES;
				BUNDLE_LOADER = "$(TEST_HOST)";
				INFOPLIST_FILE = "swift-03Tests/Info.plist";
				LD_RUNPATH_SEARCH_PATHS = "$(inherited) @executable_path/Frameworks @loader_path/Frameworks";
				PRODUCT_BUNDLE_IDENTIFIER = "com.Aircos.swift-03Tests";
				PRODUCT_NAME = "$(TARGET_NAME)";
				SWIFT_VERSION = 3.0;
				TEST_HOST = "$(BUILT_PRODUCTS_DIR)/swift-03.app/swift-03";
			};
			name = Debug;
		};
		7435D5B41E2C7B8200B0D656 /* Release */ = {
			isa = XCBuildConfiguration;
			buildSettings = {
				ALWAYS_EMBED_SWIFT_STANDARD_LIBRARIES = YES;
				BUNDLE_LOADER = "$(TEST_HOST)";
				INFOPLIST_FILE = "swift-03Tests/Info.plist";
				LD_RUNPATH_SEARCH_PATHS = "$(inherited) @executable_path/Frameworks @loader_path/Frameworks";
				PRODUCT_BUNDLE_IDENTIFIER = "com.Aircos.swift-03Tests";
				PRODUCT_NAME = "$(TARGET_NAME)";
				SWIFT_VERSION = 3.0;
				TEST_HOST = "$(BUILT_PRODUCTS_DIR)/swift-03.app/swift-03";
			};
			name = Release;
		};
		7435D5B61E2C7B8200B0D656 /* Debug */ = {
			isa = XCBuildConfiguration;
			buildSettings = {
				ALWAYS_EMBED_SWIFT_STANDARD_LIBRARIES = YES;
				INFOPLIST_FILE = "swift-03UITests/Info.plist";
				LD_RUNPATH_SEARCH_PATHS = "$(inherited) @executable_path/Frameworks @loader_path/Frameworks";
				PRODUCT_BUNDLE_IDENTIFIER = "com.Aircos.swift-03UITests";
				PRODUCT_NAME = "$(TARGET_NAME)";
				SWIFT_VERSION = 3.0;
				TEST_TARGET_NAME = "swift-03";
			};
			name = Debug;
		};
		7435D5B71E2C7B8200B0D656 /* Release */ = {
			isa = XCBuildConfiguration;
			buildSettings = {
				ALWAYS_EMBED_SWIFT_STANDARD_LIBRARIES = YES;
				INFOPLIST_FILE = "swift-03UITests/Info.plist";
				LD_RUNPATH_SEARCH_PATHS = "$(inherited) @executable_path/Frameworks @loader_path/Frameworks";
				PRODUCT_BUNDLE_IDENTIFIER = "com.Aircos.swift-03UITests";
				PRODUCT_NAME = "$(TARGET_NAME)";
				SWIFT_VERSION = 3.0;
				TEST_TARGET_NAME = "swift-03";
			};
			name = Release;
		};
/* End XCBuildConfiguration section */

/* Begin XCConfigurationList section */
		7435D5821E2C7B8200B0D656 /* Build configuration list for PBXProject "swift-03" */ = {
			isa = XCConfigurationList;
			buildConfigurations = (
				7435D5AD1E2C7B8200B0D656 /* Debug */,
				7435D5AE1E2C7B8200B0D656 /* Release */,
			);
			defaultConfigurationIsVisible = 0;
			defaultConfigurationName = Release;
		};
		7435D5AF1E2C7B8200B0D656 /* Build configuration list for PBXNativeTarget "swift-03" */ = {
			isa = XCConfigurationList;
			buildConfigurations = (
				7435D5B01E2C7B8200B0D656 /* Debug */,
				7435D5B11E2C7B8200B0D656 /* Release */,
			);
			defaultConfigurationIsVisible = 0;
		};
		7435D5B21E2C7B8200B0D656 /* Build configuration list for PBXNativeTarget "swift-03Tests" */ = {
			isa = XCConfigurationList;
			buildConfigurations = (
				7435D5B31E2C7B8200B0D656 /* Debug */,
				7435D5B41E2C7B8200B0D656 /* Release */,
			);
			defaultConfigurationIsVisible = 0;
		};
		7435D5B51E2C7B8200B0D656 /* Build configuration list for PBXNativeTarget "swift-03UITests" */ = {
			isa = XCConfigurationList;
			buildConfigurations = (
				7435D5B61E2C7B8200B0D656 /* Debug */,
				7435D5B71E2C7B8200B0D656 /* Release */,
			);
			defaultConfigurationIsVisible = 0;
		};
/* End XCConfigurationList section */
	};
	rootObject = 7435D57F1E2C7B8200B0D656 /* Project object */;
}
